PODS:
  - Bolts-Swift (1.5.0)
  - Bolts/Tasks (1.9.1)
  - GestureRecognizerClosures (5.0.0)
  - Parse (1.19.2):
    - Parse/Core (= 1.19.2)
  - Parse/Core (1.19.2):
    - Bolts/Tasks (= 1.9.1)
  - ParseLiveQuery (2.8.0):
    - Bolts-Swift (~> 1.5.0)
    - Parse (~> 1.19.0)
    - Starscream (~> 4.0.4)
  - PhoneNumberKit (3.3.3):
    - PhoneNumberKit/PhoneNumberKitCore (= 3.3.3)
    - PhoneNumberKit/UIKit (= 3.3.3)
  - PhoneNumberKit/PhoneNumberKitCore (3.3.3)
  - PhoneNumberKit/UIKit (3.3.3):
    - PhoneNumberKit/PhoneNumberKitCore
  - Starscream (4.0.4)
  - TMROCoordinator (0.0.3)
  - TMROLocalization (0.0.2)

DEPENDENCIES:
  - GestureRecognizerClosures
  - Parse
  - ParseLiveQuery
  - PhoneNumberKit
  - TMROCoordinator
  - TMROLocalization

SPEC REPOS:
  trunk:
    - Bolts
    - Bolts-Swift
    - GestureRecognizerClosures
    - Parse
    - ParseLiveQuery
    - PhoneNumberKit
    - Starscream
    - TMROCoordinator
    - TMROLocalization

SPEC CHECKSUMS:
  Bolts: 8c1e8aab2f603387b8b9924f57d1d64f43d3ffdc
  Bolts-Swift: afbbaf8c8186e7f769be4afa656949c14087ba44
  GestureRecognizerClosures: 0dcafb45e669e7a775c840383e54b3d16983037b
  Parse: 081fb8755c3000fd11df817eec235def233d0af3
  ParseLiveQuery: 366b5876aa20074ea7fea52446376e102447b5df
  PhoneNumberKit: 4ce83273551c4d2ae10b7361162f4283dd02835f
  Starscream: 5178aed56b316f13fa3bc55694e583d35dd414d9
  TMROCoordinator: 8e675e45c895feafdd548e1dd2de35430d3ea146
  TMROLocalization: f48046617e8453fabf353088634b91130d726d64

PODFILE CHECKSUM: 7054e30701d7094dd794604a717bf09767144f68

COCOAPODS: 1.10.1
