{
  "object": {
    "pins": [
      {
        "package": "Lottie",
        "repositoryURL": "https://github.com/airbnb/lottie-ios.git",
        "state": {
          "branch": null,
          "revision": "79a0b70547f7c40ea54c67487f935fa2f2eaaadc",
          "version": "3.2.3"
        }
      },
      {
        "package": "PhoneNumberKit",
        "repositoryURL": "https://github.com/marmelroy/PhoneNumberKit.git",
        "state": {
          "branch": null,
          "revision": "1ef0431b971f69c48ca5eb4cdba07f2c5da54c35",
          "version": "3.3.3"
        }
      },
      {
        "package": "SDWebImage",
        "repositoryURL": "https://github.com/SDWebImage/SDWebImage.git",
        "state": {
          "branch": null,
          "revision": "76dd4b49110b8624317fc128e7fa0d8a252018bc",
          "version": "5.11.1"
        }
      },
      {
        "package": "SDWebImageLinkPlugin",
        "repositoryURL": "https://github.com/SDWebImage/SDWebImageLinkPlugin.git",
        "state": {
          "branch": null,
          "revision": "2e76fb5f526864e01d757eccc7724dc3ce629eb8",
          "version": "0.3.0"
        }
      }
    ]
  },
  "version": 1
}
