{
  "object": {
    "pins": [
      {
        "package": "lottie-ios",
        "repositoryURL": "https://github.com/airbnb/lottie-ios.git",
        "state": {
          "branch": null,
          "revision": "79a0b70547f7c40ea54c67487f935fa2f2eaaadc",
          "version": "3.2.3"
        }
      },
      {
        "package": "SDWebImage",
        "repositoryURL": "https://github.com/SDWebImage/SDWebImage.git",
        "state": {
          "branch": null,
          "revision": "76dd4b49110b8624317fc128e7fa0d8a252018bc",
          "version": "5.11.1"
        }
      },
      {
        "package": "SDWebImageLinkPlugin",
        "repositoryURL": "https://github.com/SDWebImage/SDWebImageLinkPlugin.git",
        "state": {
          "branch": null,
          "revision": "2e76fb5f526864e01d757eccc7724dc3ce629eb8",
          "version": "0.3.0"
        }
      },
      {
        "package": "twilio-chat-ios",
        "repositoryURL": "https://github.com/twilio/twilio-chat-ios",
        "state": {
          "branch": null,
          "revision": "5ecf02f8dba6d2edb0744e36e5561a97272b0160",
          "version": "5.0.0"
        }
      }
    ]
  },
  "version": 1
}
